
Microsoft Visual Studio Solution File, Format Version 12.00
# Visual Studio Version 16
VisualStudioVersion = 16.0.30717.126
MinimumVisualStudioVersion = 10.0.40219.1
Project("{FAE04EC0-301F-11D3-BF4B-00C04F79EFBC}") = "StardewValley Tracker App", "StardewValley Tracker App\StardewValley Tracker App.csproj", "{344B0A84-895C-4B77-B198-13970FE710B7}"
EndProject
Global
	GlobalSection(SolutionConfigurationPlatforms) = preSolution
		Debug|Any CPU = Debug|Any CPU
		Release|Any CPU = Release|Any CPU
	EndGlobalSection
	GlobalSection(ProjectConfigurationPlatforms) = postSolution
		{344B0A84-895C-4B77-B198-13970FE710B7}.Debug|Any CPU.ActiveCfg = Debug|Any CPU
		{344B0A84-895C-4B77-B198-13970FE710B7}.Debug|Any CPU.Build.0 = Debug|Any CPU
		{344B0A84-895C-4B77-B198-13970FE710B7}.Release|Any CPU.ActiveCfg = Release|Any CPU
		{344B0A84-895C-4B77-B198-13970FE710B7}.Release|Any CPU.Build.0 = Release|Any CPU
	EndGlobalSection
	GlobalSection(SolutionProperties) = preSolution
		HideSolutionNode = FALSE
	EndGlobalSection
	GlobalSection(ExtensibilityGlobals) = postSolution
		SolutionGuid = {5926B8B8-B6E6-4A98-9C95-5208A67D18F0}
	EndGlobalSection
EndGlobal
